// !$*UTF8*$!
{
	archiveVersion = 1;
	classes = {
	};
	objectVersion = 46;
	objects = {

/* Begin PBXBuildFile section */
		B53815A01BFAED2D00CB13AE /* AppDelegate.swift in Sources */ = {isa = PBXBuildFile; fileRef = B538159F1BFAED2D00CB13AE /* AppDelegate.swift */; };
		B53815A21BFAED2D00CB13AE /* Assets.xcassets in Resources */ = {isa = PBXBuildFile; fileRef = B53815A11BFAED2D00CB13AE /* Assets.xcassets */; };
		B53815A51BFAED2D00CB13AE /* MainMenu.xib in Resources */ = {isa = PBXBuildFile; fileRef = B53815A31BFAED2D00CB13AE /* MainMenu.xib */; };
		B53815B41BFB0B3D00CB13AE /* DDHotKeyCenter.m in Sources */ = {isa = PBXBuildFile; fileRef = B53815AF1BFB0B3D00CB13AE /* DDHotKeyCenter.m */; };
		B53815B51BFB0B3D00CB13AE /* DDHotKeyTextField.m in Sources */ = {isa = PBXBuildFile; fileRef = B53815B11BFB0B3D00CB13AE /* DDHotKeyTextField.m */; };
		B53815B61BFB0B3D00CB13AE /* DDHotKeyUtilities.m in Sources */ = {isa = PBXBuildFile; fileRef = B53815B31BFB0B3D00CB13AE /* DDHotKeyUtilities.m */; };
		B53815B81BFB0B5500CB13AE /* Carbon.framework in Frameworks */ = {isa = PBXBuildFile; fileRef = B53815B71BFB0B5500CB13AE /* Carbon.framework */; };
		B53815BF1BFB0E4500CB13AE /* HotKey.m in Sources */ = {isa = PBXBuildFile; fileRef = B53815BE1BFB0E4500CB13AE /* HotKey.m */; };
/* End PBXBuildFile section */

/* Begin PBXFileReference section */
		B538159C1BFAED2D00CB13AE /* GeekDesk.app */ = {isa = PBXFileReference; explicitFileType = wrapper.application; includeInIndex = 0; path = GeekDesk.app; sourceTree = BUILT_PRODUCTS_DIR; };
		B538159F1BFAED2D00CB13AE /* AppDelegate.swift */ = {isa = PBXFileReference; lastKnownFileType = sourcecode.swift; path = AppDelegate.swift; sourceTree = "<group>"; };
		B53815A11BFAED2D00CB13AE /* Assets.xcassets */ = {isa = PBXFileReference; lastKnownFileType = folder.assetcatalog; path = Assets.xcassets; sourceTree = "<group>"; };
		B53815A41BFAED2D00CB13AE /* Base */ = {isa = PBXFileReference; lastKnownFileType = file.xib; name = Base; path = Base.lproj/MainMenu.xib; sourceTree = "<group>"; };
		B53815A61BFAED2D00CB13AE /* Info.plist */ = {isa = PBXFileReference; lastKnownFileType = text.plist.xml; path = Info.plist; sourceTree = "<group>"; };
		B53815AE1BFB0B3D00CB13AE /* DDHotKeyCenter.h */ = {isa = PBXFileReference; fileEncoding = 4; lastKnownFileType = sourcecode.c.h; path = DDHotKeyCenter.h; sourceTree = "<group>"; };
		B53815AF1BFB0B3D00CB13AE /* DDHotKeyCenter.m */ = {isa = PBXFileReference; fileEncoding = 4; lastKnownFileType = sourcecode.c.objc; path = DDHotKeyCenter.m; sourceTree = "<group>"; };
		B53815B01BFB0B3D00CB13AE /* DDHotKeyTextField.h */ = {isa = PBXFileReference; fileEncoding = 4; lastKnownFileType = sourcecode.c.h; path = DDHotKeyTextField.h; sourceTree = "<group>"; };
		B53815B11BFB0B3D00CB13AE /* DDHotKeyTextField.m */ = {isa = PBXFileReference; fileEncoding = 4; lastKnownFileType = sourcecode.c.objc; path = DDHotKeyTextField.m; sourceTree = "<group>"; };
		B53815B21BFB0B3D00CB13AE /* DDHotKeyUtilities.h */ = {isa = PBXFileReference; fileEncoding = 4; lastKnownFileType = sourcecode.c.h; path = DDHotKeyUtilities.h; sourceTree = "<group>"; };
		B53815B31BFB0B3D00CB13AE /* DDHotKeyUtilities.m */ = {isa = PBXFileReference; fileEncoding = 4; lastKnownFileType = sourcecode.c.objc; path = DDHotKeyUtilities.m; sourceTree = "<group>"; };
		B53815B71BFB0B5500CB13AE /* Carbon.framework */ = {isa = PBXFileReference; lastKnownFileType = wrapper.framework; name = Carbon.framework; path = System/Library/Frameworks/Carbon.framework; sourceTree = SDKROOT; };
		B53815BC1BFB0C2C00CB13AE /* GeekDesk-Bridging-Header.h */ = {isa = PBXFileReference; lastKnownFileType = sourcecode.c.h; path = "GeekDesk-Bridging-Header.h"; sourceTree = "<group>"; };
		B53815BD1BFB0E4500CB13AE /* HotKey.h */ = {isa = PBXFileReference; fileEncoding = 4; lastKnownFileType = sourcecode.c.h; path = HotKey.h; sourceTree = "<group>"; };
		B53815BE1BFB0E4500CB13AE /* HotKey.m */ = {isa = PBXFileReference; fileEncoding = 4; lastKnownFileType = sourcecode.c.objc; path = HotKey.m; sourceTree = "<group>"; };
/* End PBXFileReference section */

/* Begin PBXFrameworksBuildPhase section */
		B53815991BFAED2D00CB13AE /* Frameworks */ = {
			isa = PBXFrameworksBuildPhase;
			buildActionMask = 2147483647;
			files = (
				B53815B81BFB0B5500CB13AE /* Carbon.framework in Frameworks */,
			);
			runOnlyForDeploymentPostprocessing = 0;
		};
/* End PBXFrameworksBuildPhase section */

/* Begin PBXGroup section */
		B53815931BFAED2D00CB13AE = {
			isa = PBXGroup;
			children = (
				B53815B71BFB0B5500CB13AE /* Carbon.framework */,
				B538159E1BFAED2D00CB13AE /* GeekDesk */,
				B538159D1BFAED2D00CB13AE /* Products */,
			);
			sourceTree = "<group>";
		};
		B538159D1BFAED2D00CB13AE /* Products */ = {
			isa = PBXGroup;
			children = (
				B538159C1BFAED2D00CB13AE /* GeekDesk.app */,
			);
			name = Products;
			sourceTree = "<group>";
		};
		B538159E1BFAED2D00CB13AE /* GeekDesk */ = {
			isa = PBXGroup;
			children = (
				B53815AD1BFB0B3D00CB13AE /* DDHotKey */,
				B538159F1BFAED2D00CB13AE /* AppDelegate.swift */,
				B53815A11BFAED2D00CB13AE /* Assets.xcassets */,
				B53815A31BFAED2D00CB13AE /* MainMenu.xib */,
				B53815A61BFAED2D00CB13AE /* Info.plist */,
				B53815BC1BFB0C2C00CB13AE /* GeekDesk-Bridging-Header.h */,
				B53815BD1BFB0E4500CB13AE /* HotKey.h */,
				B53815BE1BFB0E4500CB13AE /* HotKey.m */,
			);
			path = GeekDesk;
			sourceTree = "<group>";
		};
		B53815AD1BFB0B3D00CB13AE /* DDHotKey */ = {
			isa = PBXGroup;
			children = (
				B53815AE1BFB0B3D00CB13AE /* DDHotKeyCenter.h */,
				B53815AF1BFB0B3D00CB13AE /* DDHotKeyCenter.m */,
				B53815B01BFB0B3D00CB13AE /* DDHotKeyTextField.h */,
				B53815B11BFB0B3D00CB13AE /* DDHotKeyTextField.m */,
				B53815B21BFB0B3D00CB13AE /* DDHotKeyUtilities.h */,
				B53815B31BFB0B3D00CB13AE /* DDHotKeyUtilities.m */,
			);
			path = DDHotKey;
			sourceTree = "<group>";
		};
/* End PBXGroup section */

/* Begin PBXNativeTarget section */
		B538159B1BFAED2D00CB13AE /* GeekDesk */ = {
			isa = PBXNativeTarget;
			buildConfigurationList = B53815A91BFAED2D00CB13AE /* Build configuration list for PBXNativeTarget "GeekDesk" */;
			buildPhases = (
				B53815981BFAED2D00CB13AE /* Sources */,
				B53815991BFAED2D00CB13AE /* Frameworks */,
				B538159A1BFAED2D00CB13AE /* Resources */,
			);
			buildRules = (
			);
			dependencies = (
			);
			name = GeekDesk;
			productName = GeekDesk;
			productReference = B538159C1BFAED2D00CB13AE /* GeekDesk.app */;
			productType = "com.apple.product-type.application";
		};
/* End PBXNativeTarget section */

/* Begin PBXProject section */
		B53815941BFAED2D00CB13AE /* Project object */ = {
			isa = PBXProject;
			attributes = {
				LastSwiftUpdateCheck = 0710;
				LastUpgradeCheck = 0710;
				ORGANIZATIONNAME = "Hit Labs";
				TargetAttributes = {
					B538159B1BFAED2D00CB13AE = {
						CreatedOnToolsVersion = 7.1.1;
					};
				};
			};
			buildConfigurationList = B53815971BFAED2D00CB13AE /* Build configuration list for PBXProject "GeekDesk" */;
			compatibilityVersion = "Xcode 3.2";
			developmentRegion = English;
			hasScannedForEncodings = 0;
			knownRegions = (
				en,
				Base,
			);
			mainGroup = B53815931BFAED2D00CB13AE;
			productRefGroup = B538159D1BFAED2D00CB13AE /* Products */;
			projectDirPath = "";
			projectRoot = "";
			targets = (
				B538159B1BFAED2D00CB13AE /* GeekDesk */,
			);
		};
/* End PBXProject section */

/* Begin PBXResourcesBuildPhase section */
		B538159A1BFAED2D00CB13AE /* Resources */ = {
			isa = PBXResourcesBuildPhase;
			buildActionMask = 2147483647;
			files = (
				B53815A21BFAED2D00CB13AE /* Assets.xcassets in Resources */,
				B53815A51BFAED2D00CB13AE /* MainMenu.xib in Resources */,
			);
			runOnlyForDeploymentPostprocessing = 0;
		};
/* End PBXResourcesBuildPhase section */

/* Begin PBXSourcesBuildPhase section */
		B53815981BFAED2D00CB13AE /* Sources */ = {
			isa = PBXSourcesBuildPhase;
			buildActionMask = 2147483647;
			files = (
				B53815BF1BFB0E4500CB13AE /* HotKey.m in Sources */,
				B53815B51BFB0B3D00CB13AE /* DDHotKeyTextField.m in Sources */,
				B53815B41BFB0B3D00CB13AE /* DDHotKeyCenter.m in Sources */,
				B53815B61BFB0B3D00CB13AE /* DDHotKeyUtilities.m in Sources */,
				B53815A01BFAED2D00CB13AE /* AppDelegate.swift in Sources */,
			);
			runOnlyForDeploymentPostprocessing = 0;
		};
/* End PBXSourcesBuildPhase section */

/* Begin PBXVariantGroup section */
		B53815A31BFAED2D00CB13AE /* MainMenu.xib */ = {
			isa = PBXVariantGroup;
			children = (
				B53815A41BFAED2D00CB13AE /* Base */,
			);
			name = MainMenu.xib;
			sourceTree = "<group>";
		};
/* End PBXVariantGroup section */

/* Begin XCBuildConfiguration section */
		B53815A71BFAED2D00CB13AE /* Debug */ = {
			isa = XCBuildConfiguration;
			buildSettings = {
				ALWAYS_SEARCH_USER_PATHS = NO;
				CLANG_CXX_LANGUAGE_STANDARD = "gnu++0x";
				CLANG_CXX_LIBRARY = "libc++";
				CLANG_ENABLE_MODULES = YES;
				CLANG_ENABLE_OBJC_ARC = YES;
				CLANG_WARN_BOOL_CONVERSION = YES;
				CLANG_WARN_CONSTANT_CONVERSION = YES;
				CLANG_WARN_DIRECT_OBJC_ISA_USAGE = YES_ERROR;
				CLANG_WARN_EMPTY_BODY = YES;
				CLANG_WARN_ENUM_CONVERSION = YES;
				CLANG_WARN_INT_CONVERSION = YES;
				CLANG_WARN_OBJC_ROOT_CLASS = YES_ERROR;
				CLANG_WARN_UNREACHABLE_CODE = YES;
				CLANG_WARN__DUPLICATE_METHOD_MATCH = YES;
				CODE_SIGN_IDENTITY = "-";
				COPY_PHASE_STRIP = NO;
				DEBUG_INFORMATION_FORMAT = dwarf;
				ENABLE_STRICT_OBJC_MSGSEND = YES;
				ENABLE_TESTABILITY = YES;
				GCC_C_LANGUAGE_STANDARD = gnu99;
				GCC_DYNAMIC_NO_PIC = NO;
				GCC_NO_COMMON_BLOCKS = YES;
				GCC_OPTIMIZATION_LEVEL = 0;
				GCC_PREPROCESSOR_DEFINITIONS = (
					"DEBUG=1",
					"$(inherited)",
				);
				GCC_WARN_64_TO_32_BIT_CONVERSION = YES;
				GCC_WARN_ABOUT_RETURN_TYPE = YES_ERROR;
				GCC_WARN_UNDECLARED_SELECTOR = YES;
				GCC_WARN_UNINITIALIZED_AUTOS = YES_AGGRESSIVE;
				GCC_WARN_UNUSED_FUNCTION = YES;
				GCC_WARN_UNUSED_VARIABLE = YES;
				MACOSX_DEPLOYMENT_TARGET = 10.11;
				MTL_ENABLE_DEBUG_INFO = YES;
				ONLY_ACTIVE_ARCH = YES;
				SDKROOT = macosx;
				SWIFT_OPTIMIZATION_LEVEL = "-Onone";
			};
			name = Debug;
		};
		B53815A81BFAED2D00CB13AE /* Release */ = {
			isa = XCBuildConfiguration;
			buildSettings = {
				ALWAYS_SEARCH_USER_PATHS = NO;
				CLANG_CXX_LANGUAGE_STANDARD = "gnu++0x";
				CLANG_CXX_LIBRARY = "libc++";
				CLANG_ENABLE_MODULES = YES;
				CLANG_ENABLE_OBJC_ARC = YES;
				CLANG_WARN_BOOL_CONVERSION = YES;
				CLANG_WARN_CONSTANT_CONVERSION = YES;
				CLANG_WARN_DIRECT_OBJC_ISA_USAGE = YES_ERROR;
				CLANG_WARN_EMPTY_BODY = YES;
				CLANG_WARN_ENUM_CONVERSION = YES;
				CLANG_WARN_INT_CONVERSION = YES;
				CLANG_WARN_OBJC_ROOT_CLASS = YES_ERROR;
				CLANG_WARN_UNREACHABLE_CODE = YES;
				CLANG_WARN__DUPLICATE_METHOD_MATCH = YES;
				CODE_SIGN_IDENTITY = "-";
				COPY_PHASE_STRIP = NO;
				DEBUG_INFORMATION_FORMAT = "dwarf-with-dsym";
				ENABLE_NS_ASSERTIONS = NO;
				ENABLE_STRICT_OBJC_MSGSEND = YES;
				GCC_C_LANGUAGE_STANDARD = gnu99;
				GCC_NO_COMMON_BLOCKS = YES;
				GCC_WARN_64_TO_32_BIT_CONVERSION = YES;
				GCC_WARN_ABOUT_RETURN_TYPE = YES_ERROR;
				GCC_WARN_UNDECLARED_SELECTOR = YES;
				GCC_WARN_UNINITIALIZED_AUTOS = YES_AGGRESSIVE;
				GCC_WARN_UNUSED_FUNCTION = YES;
				GCC_WARN_UNUSED_VARIABLE = YES;
				MACOSX_DEPLOYMENT_TARGET = 10.11;
				MTL_ENABLE_DEBUG_INFO = NO;
				SDKROOT = macosx;
			};
			name = Release;
		};
		B53815AA1BFAED2D00CB13AE /* Debug */ = {
			isa = XCBuildConfiguration;
			buildSettings = {
				ASSETCATALOG_COMPILER_APPICON_NAME = AppIcon;
				COMBINE_HIDPI_IMAGES = YES;
				INFOPLIST_FILE = GeekDesk/Info.plist;
				LD_RUNPATH_SEARCH_PATHS = "$(inherited) @executable_path/../Frameworks";
				PRODUCT_BUNDLE_IDENTIFIER = com.hitlabs.GeekDesk;
				PRODUCT_NAME = "$(TARGET_NAME)";
				SWIFT_OBJC_BRIDGING_HEADER = "GeekDesk/GeekDesk-Bridging-Header.h";
			};
			name = Debug;
		};
		B53815AB1BFAED2D00CB13AE /* Release */ = {
			isa = XCBuildConfiguration;
			buildSettings = {
				ASSETCATALOG_COMPILER_APPICON_NAME = AppIcon;
				COMBINE_HIDPI_IMAGES = YES;
				INFOPLIST_FILE = GeekDesk/Info.plist;
				LD_RUNPATH_SEARCH_PATHS = "$(inherited) @executable_path/../Frameworks";
				PRODUCT_BUNDLE_IDENTIFIER = com.hitlabs.GeekDesk;
				PRODUCT_NAME = "$(TARGET_NAME)";
				SWIFT_OBJC_BRIDGING_HEADER = "GeekDesk/GeekDesk-Bridging-Header.h";
			};
			name = Release;
		};
/* End XCBuildConfiguration section */

/* Begin XCConfigurationList section */
		B53815971BFAED2D00CB13AE /* Build configuration list for PBXProject "GeekDesk" */ = {
			isa = XCConfigurationList;
			buildConfigurations = (
				B53815A71BFAED2D00CB13AE /* Debug */,
				B53815A81BFAED2D00CB13AE /* Release */,
			);
			defaultConfigurationIsVisible = 0;
			defaultConfigurationName = Release;
		};
		B53815A91BFAED2D00CB13AE /* Build configuration list for PBXNativeTarget "GeekDesk" */ = {
			isa = XCConfigurationList;
			buildConfigurations = (
				B53815AA1BFAED2D00CB13AE /* Debug */,
				B53815AB1BFAED2D00CB13AE /* Release */,
			);
			defaultConfigurationIsVisible = 0;
		};
/* End XCConfigurationList section */
	};
	rootObject = B53815941BFAED2D00CB13AE /* Project object */;
}
