// !$*UTF8*$!
{
	archiveVersion = 1;
	classes = {
	};
	objectVersion = 46;
	objects = {

/* Begin PBXBuildFile section */
		02C7BB242C524629325EB89B /* Pods_GeekDesk.framework in Frameworks */ = {isa = PBXBuildFile; fileRef = 816796EA1DC565AF0B818B9F /* Pods_GeekDesk.framework */; };
		B51008B21BFD142700206391 /* Preferences.storyboard in Resources */ = {isa = PBXBuildFile; fileRef = B51008B11BFD142700206391 /* Preferences.storyboard */; };
		B51008B41BFD2A3900206391 /* PrefsWindowController.swift in Sources */ = {isa = PBXBuildFile; fileRef = B51008B31BFD2A3900206391 /* PrefsWindowController.swift */; };
		B51008B61BFD2A8100206391 /* PrefsViewController.swift in Sources */ = {isa = PBXBuildFile; fileRef = B51008B51BFD2A8100206391 /* PrefsViewController.swift */; };
		B51008B81BFD2A9E00206391 /* PrefsAuthController.swift in Sources */ = {isa = PBXBuildFile; fileRef = B51008B71BFD2A9E00206391 /* PrefsAuthController.swift */; };
		B51008BB1BFD2AAF00206391 /* PrefsPresetsController.swift in Sources */ = {isa = PBXBuildFile; fileRef = B51008B91BFD2AAF00206391 /* PrefsPresetsController.swift */; };
		B51008BE1BFD348100206391 /* Settings.swift in Sources */ = {isa = PBXBuildFile; fileRef = B51008BD1BFD348100206391 /* Settings.swift */; };
		B51008C01BFD39D100206391 /* Auth.swift in Sources */ = {isa = PBXBuildFile; fileRef = B51008BF1BFD39D000206391 /* Auth.swift */; };
		B51008C21BFD3FFA00206391 /* Desks.swift in Sources */ = {isa = PBXBuildFile; fileRef = B51008C11BFD3FFA00206391 /* Desks.swift */; };
		B5127D3D1BFDA1E80072FB39 /* AppDelegate.swift in Sources */ = {isa = PBXBuildFile; fileRef = B5127D3C1BFDA1E80072FB39 /* AppDelegate.swift */; };
		B5127D3F1BFDA1E80072FB39 /* Assets.xcassets in Resources */ = {isa = PBXBuildFile; fileRef = B5127D3E1BFDA1E80072FB39 /* Assets.xcassets */; };
		B5127D421BFDA1E80072FB39 /* MainMenu.xib in Resources */ = {isa = PBXBuildFile; fileRef = B5127D401BFDA1E80072FB39 /* MainMenu.xib */; };
		B5127D481BFDA21E0072FB39 /* ServiceManagement.framework in Frameworks */ = {isa = PBXBuildFile; fileRef = B5127D471BFDA21E0072FB39 /* ServiceManagement.framework */; };
		B5127D4A1BFDA2620072FB39 /* GeekDesk Helper.app in CopyFiles */ = {isa = PBXBuildFile; fileRef = B5127D3A1BFDA1E80072FB39 /* GeekDesk Helper.app */; settings = {ATTRIBUTES = (RemoveHeadersOnCopy, ); }; };
		B53815A01BFAED2D00CB13AE /* AppDelegate.swift in Sources */ = {isa = PBXBuildFile; fileRef = B538159F1BFAED2D00CB13AE /* AppDelegate.swift */; };
		B53815A21BFAED2D00CB13AE /* Assets.xcassets in Resources */ = {isa = PBXBuildFile; fileRef = B53815A11BFAED2D00CB13AE /* Assets.xcassets */; };
		B53815A51BFAED2D00CB13AE /* MainMenu.xib in Resources */ = {isa = PBXBuildFile; fileRef = B53815A31BFAED2D00CB13AE /* MainMenu.xib */; };
		B53815B41BFB0B3D00CB13AE /* DDHotKeyCenter.m in Sources */ = {isa = PBXBuildFile; fileRef = B53815AF1BFB0B3D00CB13AE /* DDHotKeyCenter.m */; };
		B53815B51BFB0B3D00CB13AE /* DDHotKeyTextField.m in Sources */ = {isa = PBXBuildFile; fileRef = B53815B11BFB0B3D00CB13AE /* DDHotKeyTextField.m */; };
		B53815B61BFB0B3D00CB13AE /* DDHotKeyUtilities.m in Sources */ = {isa = PBXBuildFile; fileRef = B53815B31BFB0B3D00CB13AE /* DDHotKeyUtilities.m */; };
		B53815B81BFB0B5500CB13AE /* Carbon.framework in Frameworks */ = {isa = PBXBuildFile; fileRef = B53815B71BFB0B5500CB13AE /* Carbon.framework */; };
		B53815BF1BFB0E4500CB13AE /* HotKey.m in Sources */ = {isa = PBXBuildFile; fileRef = B53815BE1BFB0E4500CB13AE /* HotKey.m */; };
		B5F7DD531BFBE26400ABE7E5 /* Device.swift in Sources */ = {isa = PBXBuildFile; fileRef = B5F7DD521BFBE26400ABE7E5 /* Device.swift */; };
		B5F7DD551BFBEF9400ABE7E5 /* Request.swift in Sources */ = {isa = PBXBuildFile; fileRef = B5F7DD541BFBEF9400ABE7E5 /* Request.swift */; };
		B5F7DD591BFBF31000ABE7E5 /* Desk.swift in Sources */ = {isa = PBXBuildFile; fileRef = B5F7DD581BFBF31000ABE7E5 /* Desk.swift */; };
		B5F7DD5C1BFBFC4200ABE7E5 /* EventSource.m in Sources */ = {isa = PBXBuildFile; fileRef = B5F7DD5B1BFBFC4200ABE7E5 /* EventSource.m */; };
		B5F7DD5F1BFBFCB600ABE7E5 /* SparkEvent.m in Sources */ = {isa = PBXBuildFile; fileRef = B5F7DD5E1BFBFCB600ABE7E5 /* SparkEvent.m */; };
		B5FB13131BFC4FD700F91B8B /* MenuHandler.swift in Sources */ = {isa = PBXBuildFile; fileRef = B5FB13121BFC4FD700F91B8B /* MenuHandler.swift */; };
/* End PBXBuildFile section */

/* Begin PBXCopyFilesBuildPhase section */
		B5127D491BFDA2440072FB39 /* CopyFiles */ = {
			isa = PBXCopyFilesBuildPhase;
			buildActionMask = 2147483647;
			dstPath = Contents/Library/LoginItems;
			dstSubfolderSpec = 1;
			files = (
				B5127D4A1BFDA2620072FB39 /* GeekDesk Helper.app in CopyFiles */,
			);
			runOnlyForDeploymentPostprocessing = 0;
		};
/* End PBXCopyFilesBuildPhase section */

/* Begin PBXFileReference section */
		816796EA1DC565AF0B818B9F /* Pods_GeekDesk.framework */ = {isa = PBXFileReference; explicitFileType = wrapper.framework; includeInIndex = 0; path = Pods_GeekDesk.framework; sourceTree = BUILT_PRODUCTS_DIR; };
		844723D5B65C273208473ACA /* Pods-GeekDesk.release.xcconfig */ = {isa = PBXFileReference; includeInIndex = 1; lastKnownFileType = text.xcconfig; name = "Pods-GeekDesk.release.xcconfig"; path = "Pods/Target Support Files/Pods-GeekDesk/Pods-GeekDesk.release.xcconfig"; sourceTree = "<group>"; };
		B51008B11BFD142700206391 /* Preferences.storyboard */ = {isa = PBXFileReference; fileEncoding = 4; lastKnownFileType = file.storyboard; path = Preferences.storyboard; sourceTree = "<group>"; };
		B51008B31BFD2A3900206391 /* PrefsWindowController.swift */ = {isa = PBXFileReference; fileEncoding = 4; lastKnownFileType = sourcecode.swift; path = PrefsWindowController.swift; sourceTree = "<group>"; };
		B51008B51BFD2A8100206391 /* PrefsViewController.swift */ = {isa = PBXFileReference; fileEncoding = 4; lastKnownFileType = sourcecode.swift; path = PrefsViewController.swift; sourceTree = "<group>"; };
		B51008B71BFD2A9E00206391 /* PrefsAuthController.swift */ = {isa = PBXFileReference; fileEncoding = 4; lastKnownFileType = sourcecode.swift; path = PrefsAuthController.swift; sourceTree = "<group>"; };
		B51008B91BFD2AAF00206391 /* PrefsPresetsController.swift */ = {isa = PBXFileReference; fileEncoding = 4; lastKnownFileType = sourcecode.swift; path = PrefsPresetsController.swift; sourceTree = "<group>"; };
		B51008BD1BFD348100206391 /* Settings.swift */ = {isa = PBXFileReference; fileEncoding = 4; lastKnownFileType = sourcecode.swift; path = Settings.swift; sourceTree = "<group>"; };
		B51008BF1BFD39D000206391 /* Auth.swift */ = {isa = PBXFileReference; fileEncoding = 4; lastKnownFileType = sourcecode.swift; path = Auth.swift; sourceTree = "<group>"; };
		B51008C11BFD3FFA00206391 /* Desks.swift */ = {isa = PBXFileReference; fileEncoding = 4; lastKnownFileType = sourcecode.swift; path = Desks.swift; sourceTree = "<group>"; };
		B5127D3A1BFDA1E80072FB39 /* GeekDesk Helper.app */ = {isa = PBXFileReference; explicitFileType = wrapper.application; includeInIndex = 0; path = "GeekDesk Helper.app"; sourceTree = BUILT_PRODUCTS_DIR; };
		B5127D3C1BFDA1E80072FB39 /* AppDelegate.swift */ = {isa = PBXFileReference; lastKnownFileType = sourcecode.swift; path = AppDelegate.swift; sourceTree = "<group>"; };
		B5127D3E1BFDA1E80072FB39 /* Assets.xcassets */ = {isa = PBXFileReference; lastKnownFileType = folder.assetcatalog; path = Assets.xcassets; sourceTree = "<group>"; };
		B5127D411BFDA1E80072FB39 /* Base */ = {isa = PBXFileReference; lastKnownFileType = file.xib; name = Base; path = Base.lproj/MainMenu.xib; sourceTree = "<group>"; };
		B5127D431BFDA1E80072FB39 /* Info.plist */ = {isa = PBXFileReference; lastKnownFileType = text.plist.xml; path = Info.plist; sourceTree = "<group>"; };
		B5127D471BFDA21E0072FB39 /* ServiceManagement.framework */ = {isa = PBXFileReference; lastKnownFileType = wrapper.framework; name = ServiceManagement.framework; path = System/Library/Frameworks/ServiceManagement.framework; sourceTree = SDKROOT; };
		B5127D4B1BFDA6EB0072FB39 /* GeekDesk.entitlements */ = {isa = PBXFileReference; lastKnownFileType = text.xml; path = GeekDesk.entitlements; sourceTree = "<group>"; };
		B5127D4C1BFDA7140072FB39 /* GeekDesk Helper.entitlements */ = {isa = PBXFileReference; lastKnownFileType = text.xml; path = "GeekDesk Helper.entitlements"; sourceTree = "<group>"; };
		B538159C1BFAED2D00CB13AE /* GeekDesk.app */ = {isa = PBXFileReference; explicitFileType = wrapper.application; includeInIndex = 0; path = GeekDesk.app; sourceTree = BUILT_PRODUCTS_DIR; };
		B538159F1BFAED2D00CB13AE /* AppDelegate.swift */ = {isa = PBXFileReference; lastKnownFileType = sourcecode.swift; path = AppDelegate.swift; sourceTree = "<group>"; };
		B53815A11BFAED2D00CB13AE /* Assets.xcassets */ = {isa = PBXFileReference; lastKnownFileType = folder.assetcatalog; path = Assets.xcassets; sourceTree = "<group>"; };
		B53815A41BFAED2D00CB13AE /* Base */ = {isa = PBXFileReference; lastKnownFileType = file.xib; name = Base; path = Base.lproj/MainMenu.xib; sourceTree = "<group>"; };
		B53815A61BFAED2D00CB13AE /* Info.plist */ = {isa = PBXFileReference; lastKnownFileType = text.plist.xml; path = Info.plist; sourceTree = "<group>"; };
		B53815AE1BFB0B3D00CB13AE /* DDHotKeyCenter.h */ = {isa = PBXFileReference; fileEncoding = 4; lastKnownFileType = sourcecode.c.h; path = DDHotKeyCenter.h; sourceTree = "<group>"; };
		B53815AF1BFB0B3D00CB13AE /* DDHotKeyCenter.m */ = {isa = PBXFileReference; fileEncoding = 4; lastKnownFileType = sourcecode.c.objc; path = DDHotKeyCenter.m; sourceTree = "<group>"; };
		B53815B01BFB0B3D00CB13AE /* DDHotKeyTextField.h */ = {isa = PBXFileReference; fileEncoding = 4; lastKnownFileType = sourcecode.c.h; path = DDHotKeyTextField.h; sourceTree = "<group>"; };
		B53815B11BFB0B3D00CB13AE /* DDHotKeyTextField.m */ = {isa = PBXFileReference; fileEncoding = 4; lastKnownFileType = sourcecode.c.objc; path = DDHotKeyTextField.m; sourceTree = "<group>"; };
		B53815B21BFB0B3D00CB13AE /* DDHotKeyUtilities.h */ = {isa = PBXFileReference; fileEncoding = 4; lastKnownFileType = sourcecode.c.h; path = DDHotKeyUtilities.h; sourceTree = "<group>"; };
		B53815B31BFB0B3D00CB13AE /* DDHotKeyUtilities.m */ = {isa = PBXFileReference; fileEncoding = 4; lastKnownFileType = sourcecode.c.objc; path = DDHotKeyUtilities.m; sourceTree = "<group>"; };
		B53815B71BFB0B5500CB13AE /* Carbon.framework */ = {isa = PBXFileReference; lastKnownFileType = wrapper.framework; name = Carbon.framework; path = System/Library/Frameworks/Carbon.framework; sourceTree = SDKROOT; };
		B53815BC1BFB0C2C00CB13AE /* GeekDesk-Bridging-Header.h */ = {isa = PBXFileReference; lastKnownFileType = sourcecode.c.h; path = "GeekDesk-Bridging-Header.h"; sourceTree = "<group>"; };
		B53815BD1BFB0E4500CB13AE /* HotKey.h */ = {isa = PBXFileReference; fileEncoding = 4; lastKnownFileType = sourcecode.c.h; path = HotKey.h; sourceTree = "<group>"; };
		B53815BE1BFB0E4500CB13AE /* HotKey.m */ = {isa = PBXFileReference; fileEncoding = 4; lastKnownFileType = sourcecode.c.objc; path = HotKey.m; sourceTree = "<group>"; };
		B5F7DD4D1BFBC52000ABE7E5 /* Security.framework */ = {isa = PBXFileReference; lastKnownFileType = wrapper.framework; name = Security.framework; path = System/Library/Frameworks/Security.framework; sourceTree = SDKROOT; };
		B5F7DD521BFBE26400ABE7E5 /* Device.swift */ = {isa = PBXFileReference; fileEncoding = 4; lastKnownFileType = sourcecode.swift; path = Device.swift; sourceTree = "<group>"; };
		B5F7DD541BFBEF9400ABE7E5 /* Request.swift */ = {isa = PBXFileReference; fileEncoding = 4; lastKnownFileType = sourcecode.swift; path = Request.swift; sourceTree = "<group>"; };
		B5F7DD581BFBF31000ABE7E5 /* Desk.swift */ = {isa = PBXFileReference; fileEncoding = 4; lastKnownFileType = sourcecode.swift; path = Desk.swift; sourceTree = "<group>"; };
		B5F7DD5A1BFBFC4200ABE7E5 /* EventSource.h */ = {isa = PBXFileReference; fileEncoding = 4; lastKnownFileType = sourcecode.c.h; path = EventSource.h; sourceTree = "<group>"; };
		B5F7DD5B1BFBFC4200ABE7E5 /* EventSource.m */ = {isa = PBXFileReference; fileEncoding = 4; lastKnownFileType = sourcecode.c.objc; path = EventSource.m; sourceTree = "<group>"; };
		B5F7DD5D1BFBFCB600ABE7E5 /* SparkEvent.h */ = {isa = PBXFileReference; fileEncoding = 4; lastKnownFileType = sourcecode.c.h; path = SparkEvent.h; sourceTree = "<group>"; };
		B5F7DD5E1BFBFCB600ABE7E5 /* SparkEvent.m */ = {isa = PBXFileReference; fileEncoding = 4; lastKnownFileType = sourcecode.c.objc; path = SparkEvent.m; sourceTree = "<group>"; };
		B5FB13121BFC4FD700F91B8B /* MenuHandler.swift */ = {isa = PBXFileReference; fileEncoding = 4; lastKnownFileType = sourcecode.swift; path = MenuHandler.swift; sourceTree = "<group>"; };
		C30C54F62195A2FEF3BF7287 /* Pods-GeekDesk.debug.xcconfig */ = {isa = PBXFileReference; includeInIndex = 1; lastKnownFileType = text.xcconfig; name = "Pods-GeekDesk.debug.xcconfig"; path = "Pods/Target Support Files/Pods-GeekDesk/Pods-GeekDesk.debug.xcconfig"; sourceTree = "<group>"; };
/* End PBXFileReference section */

/* Begin PBXFrameworksBuildPhase section */
		B5127D371BFDA1E80072FB39 /* Frameworks */ = {
			isa = PBXFrameworksBuildPhase;
			buildActionMask = 2147483647;
			files = (
			);
			runOnlyForDeploymentPostprocessing = 0;
		};
		B53815991BFAED2D00CB13AE /* Frameworks */ = {
			isa = PBXFrameworksBuildPhase;
			buildActionMask = 2147483647;
			files = (
				B5127D481BFDA21E0072FB39 /* ServiceManagement.framework in Frameworks */,
				B53815B81BFB0B5500CB13AE /* Carbon.framework in Frameworks */,
				02C7BB242C524629325EB89B /* Pods_GeekDesk.framework in Frameworks */,
			);
			runOnlyForDeploymentPostprocessing = 0;
		};
/* End PBXFrameworksBuildPhase section */

/* Begin PBXGroup section */
		6B93E820F92A29E63062748B /* Frameworks */ = {
			isa = PBXGroup;
			children = (
				B5127D471BFDA21E0072FB39 /* ServiceManagement.framework */,
				B5F7DD4D1BFBC52000ABE7E5 /* Security.framework */,
				816796EA1DC565AF0B818B9F /* Pods_GeekDesk.framework */,
			);
			name = Frameworks;
			sourceTree = "<group>";
		};
		8A576F2487DB0EBC6965B86F /* Pods */ = {
			isa = PBXGroup;
			children = (
				C30C54F62195A2FEF3BF7287 /* Pods-GeekDesk.debug.xcconfig */,
				844723D5B65C273208473ACA /* Pods-GeekDesk.release.xcconfig */,
			);
			name = Pods;
			sourceTree = "<group>";
		};
		B5127D3B1BFDA1E80072FB39 /* GeekDesk Helper */ = {
			isa = PBXGroup;
			children = (
				B5127D4C1BFDA7140072FB39 /* GeekDesk Helper.entitlements */,
				B5127D3C1BFDA1E80072FB39 /* AppDelegate.swift */,
				B5127D3E1BFDA1E80072FB39 /* Assets.xcassets */,
				B5127D401BFDA1E80072FB39 /* MainMenu.xib */,
				B5127D431BFDA1E80072FB39 /* Info.plist */,
			);
			path = "GeekDesk Helper";
			sourceTree = "<group>";
		};
		B53815931BFAED2D00CB13AE = {
			isa = PBXGroup;
			children = (
				B53815B71BFB0B5500CB13AE /* Carbon.framework */,
				B538159E1BFAED2D00CB13AE /* GeekDesk */,
				B5127D3B1BFDA1E80072FB39 /* GeekDesk Helper */,
				B538159D1BFAED2D00CB13AE /* Products */,
				6B93E820F92A29E63062748B /* Frameworks */,
				8A576F2487DB0EBC6965B86F /* Pods */,
			);
			sourceTree = "<group>";
		};
		B538159D1BFAED2D00CB13AE /* Products */ = {
			isa = PBXGroup;
			children = (
				B538159C1BFAED2D00CB13AE /* GeekDesk.app */,
				B5127D3A1BFDA1E80072FB39 /* GeekDesk Helper.app */,
			);
			name = Products;
			sourceTree = "<group>";
		};
		B538159E1BFAED2D00CB13AE /* GeekDesk */ = {
			isa = PBXGroup;
			children = (
				B5127D4B1BFDA6EB0072FB39 /* GeekDesk.entitlements */,
				B5FB13111BFC462E00F91B8B /* Particle */,
				B53815AD1BFB0B3D00CB13AE /* DDHotKey */,
				B538159F1BFAED2D00CB13AE /* AppDelegate.swift */,
				B53815A11BFAED2D00CB13AE /* Assets.xcassets */,
				B53815A31BFAED2D00CB13AE /* MainMenu.xib */,
				B53815A61BFAED2D00CB13AE /* Info.plist */,
				B53815BC1BFB0C2C00CB13AE /* GeekDesk-Bridging-Header.h */,
				B53815BD1BFB0E4500CB13AE /* HotKey.h */,
				B53815BE1BFB0E4500CB13AE /* HotKey.m */,
				B5F7DD521BFBE26400ABE7E5 /* Device.swift */,
				B5F7DD541BFBEF9400ABE7E5 /* Request.swift */,
				B5F7DD581BFBF31000ABE7E5 /* Desk.swift */,
				B5FB13121BFC4FD700F91B8B /* MenuHandler.swift */,
				B51008B11BFD142700206391 /* Preferences.storyboard */,
				B51008B31BFD2A3900206391 /* PrefsWindowController.swift */,
				B51008B51BFD2A8100206391 /* PrefsViewController.swift */,
				B51008B71BFD2A9E00206391 /* PrefsAuthController.swift */,
				B51008B91BFD2AAF00206391 /* PrefsPresetsController.swift */,
				B51008BD1BFD348100206391 /* Settings.swift */,
				B51008BF1BFD39D000206391 /* Auth.swift */,
				B51008C11BFD3FFA00206391 /* Desks.swift */,
			);
			path = GeekDesk;
			sourceTree = "<group>";
		};
		B53815AD1BFB0B3D00CB13AE /* DDHotKey */ = {
			isa = PBXGroup;
			children = (
				B53815AE1BFB0B3D00CB13AE /* DDHotKeyCenter.h */,
				B53815AF1BFB0B3D00CB13AE /* DDHotKeyCenter.m */,
				B53815B01BFB0B3D00CB13AE /* DDHotKeyTextField.h */,
				B53815B11BFB0B3D00CB13AE /* DDHotKeyTextField.m */,
				B53815B21BFB0B3D00CB13AE /* DDHotKeyUtilities.h */,
				B53815B31BFB0B3D00CB13AE /* DDHotKeyUtilities.m */,
			);
			path = DDHotKey;
			sourceTree = "<group>";
		};
		B5FB13111BFC462E00F91B8B /* Particle */ = {
			isa = PBXGroup;
			children = (
				B5F7DD5D1BFBFCB600ABE7E5 /* SparkEvent.h */,
				B5F7DD5E1BFBFCB600ABE7E5 /* SparkEvent.m */,
				B5F7DD5A1BFBFC4200ABE7E5 /* EventSource.h */,
				B5F7DD5B1BFBFC4200ABE7E5 /* EventSource.m */,
			);
			name = Particle;
			sourceTree = "<group>";
		};
/* End PBXGroup section */

/* Begin PBXNativeTarget section */
		B5127D391BFDA1E80072FB39 /* GeekDesk Helper */ = {
			isa = PBXNativeTarget;
			buildConfigurationList = B5127D441BFDA1E80072FB39 /* Build configuration list for PBXNativeTarget "GeekDesk Helper" */;
			buildPhases = (
				B5127D361BFDA1E80072FB39 /* Sources */,
				B5127D371BFDA1E80072FB39 /* Frameworks */,
				B5127D381BFDA1E80072FB39 /* Resources */,
			);
			buildRules = (
			);
			dependencies = (
			);
			name = "GeekDesk Helper";
			productName = "GeekDesk Helper";
			productReference = B5127D3A1BFDA1E80072FB39 /* GeekDesk Helper.app */;
			productType = "com.apple.product-type.application";
		};
		B538159B1BFAED2D00CB13AE /* GeekDesk */ = {
			isa = PBXNativeTarget;
			buildConfigurationList = B53815A91BFAED2D00CB13AE /* Build configuration list for PBXNativeTarget "GeekDesk" */;
			buildPhases = (
				AAD467E730564115F3360FE1 /* [CP] Check Pods Manifest.lock */,
				B53815981BFAED2D00CB13AE /* Sources */,
				B53815991BFAED2D00CB13AE /* Frameworks */,
				B538159A1BFAED2D00CB13AE /* Resources */,
				B5127D491BFDA2440072FB39 /* CopyFiles */,
				85A73EA90F2F32222C6F0F23 /* [CP] Embed Pods Frameworks */,
				D21430BF59C43ED6CE49FA65 /* [CP] Copy Pods Resources */,
			);
			buildRules = (
			);
			dependencies = (
			);
			name = GeekDesk;
			productName = GeekDesk;
			productReference = B538159C1BFAED2D00CB13AE /* GeekDesk.app */;
			productType = "com.apple.product-type.application";
		};
/* End PBXNativeTarget section */

/* Begin PBXProject section */
		B53815941BFAED2D00CB13AE /* Project object */ = {
			isa = PBXProject;
			attributes = {
				LastSwiftUpdateCheck = 0710;
				LastUpgradeCheck = 0710;
				ORGANIZATIONNAME = "Hit Labs";
				TargetAttributes = {
					B5127D391BFDA1E80072FB39 = {
						CreatedOnToolsVersion = 7.1.1;
						LastSwiftMigration = 0830;
						SystemCapabilities = {
							com.apple.Sandbox = {
								enabled = 1;
							};
						};
					};
					B538159B1BFAED2D00CB13AE = {
						CreatedOnToolsVersion = 7.1.1;
						LastSwiftMigration = 0830;
						SystemCapabilities = {
							com.apple.Sandbox = {
								enabled = 1;
							};
						};
					};
				};
			};
			buildConfigurationList = B53815971BFAED2D00CB13AE /* Build configuration list for PBXProject "GeekDesk" */;
			compatibilityVersion = "Xcode 3.2";
			developmentRegion = English;
			hasScannedForEncodings = 0;
			knownRegions = (
				en,
				Base,
			);
			mainGroup = B53815931BFAED2D00CB13AE;
			productRefGroup = B538159D1BFAED2D00CB13AE /* Products */;
			projectDirPath = "";
			projectRoot = "";
			targets = (
				B538159B1BFAED2D00CB13AE /* GeekDesk */,
				B5127D391BFDA1E80072FB39 /* GeekDesk Helper */,
			);
		};
/* End PBXProject section */

/* Begin PBXResourcesBuildPhase section */
		B5127D381BFDA1E80072FB39 /* Resources */ = {
			isa = PBXResourcesBuildPhase;
			buildActionMask = 2147483647;
			files = (
				B5127D3F1BFDA1E80072FB39 /* Assets.xcassets in Resources */,
				B5127D421BFDA1E80072FB39 /* MainMenu.xib in Resources */,
			);
			runOnlyForDeploymentPostprocessing = 0;
		};
		B538159A1BFAED2D00CB13AE /* Resources */ = {
			isa = PBXResourcesBuildPhase;
			buildActionMask = 2147483647;
			files = (
				B51008B21BFD142700206391 /* Preferences.storyboard in Resources */,
				B53815A21BFAED2D00CB13AE /* Assets.xcassets in Resources */,
				B53815A51BFAED2D00CB13AE /* MainMenu.xib in Resources */,
			);
			runOnlyForDeploymentPostprocessing = 0;
		};
/* End PBXResourcesBuildPhase section */

/* Begin PBXShellScriptBuildPhase section */
		85A73EA90F2F32222C6F0F23 /* [CP] Embed Pods Frameworks */ = {
			isa = PBXShellScriptBuildPhase;
			buildActionMask = 2147483647;
			files = (
			);
			inputPaths = (
			);
			name = "[CP] Embed Pods Frameworks";
			outputPaths = (
			);
			runOnlyForDeploymentPostprocessing = 0;
			shellPath = /bin/sh;
			shellScript = "\"${SRCROOT}/Pods/Target Support Files/Pods-GeekDesk/Pods-GeekDesk-frameworks.sh\"\n";
			showEnvVarsInLog = 0;
		};
		AAD467E730564115F3360FE1 /* [CP] Check Pods Manifest.lock */ = {
			isa = PBXShellScriptBuildPhase;
			buildActionMask = 2147483647;
			files = (
			);
			inputPaths = (
			);
			name = "[CP] Check Pods Manifest.lock";
			outputPaths = (
			);
			runOnlyForDeploymentPostprocessing = 0;
			shellPath = /bin/sh;
			shellScript = "diff \"${PODS_ROOT}/../Podfile.lock\" \"${PODS_ROOT}/Manifest.lock\" > /dev/null\nif [ $? != 0 ] ; then\n    # print error to STDERR\n    echo \"error: The sandbox is not in sync with the Podfile.lock. Run 'pod install' or update your CocoaPods installation.\" >&2\n    exit 1\nfi\n";
			showEnvVarsInLog = 0;
		};
		D21430BF59C43ED6CE49FA65 /* [CP] Copy Pods Resources */ = {
			isa = PBXShellScriptBuildPhase;
			buildActionMask = 2147483647;
			files = (
			);
			inputPaths = (
			);
			name = "[CP] Copy Pods Resources";
			outputPaths = (
			);
			runOnlyForDeploymentPostprocessing = 0;
			shellPath = /bin/sh;
			shellScript = "\"${SRCROOT}/Pods/Target Support Files/Pods-GeekDesk/Pods-GeekDesk-resources.sh\"\n";
			showEnvVarsInLog = 0;
		};
/* End PBXShellScriptBuildPhase section */

/* Begin PBXSourcesBuildPhase section */
		B5127D361BFDA1E80072FB39 /* Sources */ = {
			isa = PBXSourcesBuildPhase;
			buildActionMask = 2147483647;
			files = (
				B5127D3D1BFDA1E80072FB39 /* AppDelegate.swift in Sources */,
			);
			runOnlyForDeploymentPostprocessing = 0;
		};
		B53815981BFAED2D00CB13AE /* Sources */ = {
			isa = PBXSourcesBuildPhase;
			buildActionMask = 2147483647;
			files = (
				B53815BF1BFB0E4500CB13AE /* HotKey.m in Sources */,
				B53815B51BFB0B3D00CB13AE /* DDHotKeyTextField.m in Sources */,
				B51008BB1BFD2AAF00206391 /* PrefsPresetsController.swift in Sources */,
				B51008B81BFD2A9E00206391 /* PrefsAuthController.swift in Sources */,
				B51008B41BFD2A3900206391 /* PrefsWindowController.swift in Sources */,
				B5F7DD591BFBF31000ABE7E5 /* Desk.swift in Sources */,
				B53815B41BFB0B3D00CB13AE /* DDHotKeyCenter.m in Sources */,
				B51008C01BFD39D100206391 /* Auth.swift in Sources */,
				B5F7DD531BFBE26400ABE7E5 /* Device.swift in Sources */,
				B51008B61BFD2A8100206391 /* PrefsViewController.swift in Sources */,
				B5FB13131BFC4FD700F91B8B /* MenuHandler.swift in Sources */,
				B51008BE1BFD348100206391 /* Settings.swift in Sources */,
				B5F7DD551BFBEF9400ABE7E5 /* Request.swift in Sources */,
				B5F7DD5F1BFBFCB600ABE7E5 /* SparkEvent.m in Sources */,
				B53815B61BFB0B3D00CB13AE /* DDHotKeyUtilities.m in Sources */,
				B53815A01BFAED2D00CB13AE /* AppDelegate.swift in Sources */,
				B51008C21BFD3FFA00206391 /* Desks.swift in Sources */,
				B5F7DD5C1BFBFC4200ABE7E5 /* EventSource.m in Sources */,
			);
			runOnlyForDeploymentPostprocessing = 0;
		};
/* End PBXSourcesBuildPhase section */

/* Begin PBXVariantGroup section */
		B5127D401BFDA1E80072FB39 /* MainMenu.xib */ = {
			isa = PBXVariantGroup;
			children = (
				B5127D411BFDA1E80072FB39 /* Base */,
			);
			name = MainMenu.xib;
			sourceTree = "<group>";
		};
		B53815A31BFAED2D00CB13AE /* MainMenu.xib */ = {
			isa = PBXVariantGroup;
			children = (
				B53815A41BFAED2D00CB13AE /* Base */,
			);
			name = MainMenu.xib;
			sourceTree = "<group>";
		};
/* End PBXVariantGroup section */

/* Begin XCBuildConfiguration section */
		B5127D451BFDA1E80072FB39 /* Debug */ = {
			isa = XCBuildConfiguration;
			buildSettings = {
				ASSETCATALOG_COMPILER_APPICON_NAME = AppIcon;
				CODE_SIGN_ENTITLEMENTS = "GeekDesk Helper/GeekDesk Helper.entitlements";
				COMBINE_HIDPI_IMAGES = YES;
				INFOPLIST_FILE = "GeekDesk Helper/Info.plist";
				LD_RUNPATH_SEARCH_PATHS = "$(inherited) @executable_path/../Frameworks";
				PRODUCT_BUNDLE_IDENTIFIER = "com.hitlabs.GeekDesk-Helper";
				PRODUCT_NAME = "$(TARGET_NAME)";
				SKIP_INSTALL = YES;
				SWIFT_VERSION = 3.0;
			};
			name = Debug;
		};
		B5127D461BFDA1E80072FB39 /* Release */ = {
			isa = XCBuildConfiguration;
			buildSettings = {
				ASSETCATALOG_COMPILER_APPICON_NAME = AppIcon;
				CODE_SIGN_ENTITLEMENTS = "GeekDesk Helper/GeekDesk Helper.entitlements";
				COMBINE_HIDPI_IMAGES = YES;
				INFOPLIST_FILE = "GeekDesk Helper/Info.plist";
				LD_RUNPATH_SEARCH_PATHS = "$(inherited) @executable_path/../Frameworks";
				PRODUCT_BUNDLE_IDENTIFIER = "com.hitlabs.GeekDesk-Helper";
				PRODUCT_NAME = "$(TARGET_NAME)";
				SKIP_INSTALL = YES;
				SWIFT_VERSION = 3.0;
			};
			name = Release;
		};
		B53815A71BFAED2D00CB13AE /* Debug */ = {
			isa = XCBuildConfiguration;
			buildSettings = {
				ALWAYS_SEARCH_USER_PATHS = NO;
				CLANG_CXX_LANGUAGE_STANDARD = "gnu++0x";
				CLANG_CXX_LIBRARY = "libc++";
				CLANG_ENABLE_MODULES = YES;
				CLANG_ENABLE_OBJC_ARC = YES;
				CLANG_WARN_BOOL_CONVERSION = YES;
				CLANG_WARN_CONSTANT_CONVERSION = YES;
				CLANG_WARN_DIRECT_OBJC_ISA_USAGE = YES_ERROR;
				CLANG_WARN_EMPTY_BODY = YES;
				CLANG_WARN_ENUM_CONVERSION = YES;
				CLANG_WARN_INT_CONVERSION = YES;
				CLANG_WARN_OBJC_ROOT_CLASS = YES_ERROR;
				CLANG_WARN_UNREACHABLE_CODE = YES;
				CLANG_WARN__DUPLICATE_METHOD_MATCH = YES;
				CODE_SIGN_IDENTITY = "-";
				COPY_PHASE_STRIP = NO;
				DEBUG_INFORMATION_FORMAT = dwarf;
				ENABLE_STRICT_OBJC_MSGSEND = YES;
				ENABLE_TESTABILITY = YES;
				GCC_C_LANGUAGE_STANDARD = gnu99;
				GCC_DYNAMIC_NO_PIC = NO;
				GCC_NO_COMMON_BLOCKS = YES;
				GCC_OPTIMIZATION_LEVEL = 0;
				GCC_PREPROCESSOR_DEFINITIONS = (
					"DEBUG=1",
					"$(inherited)",
				);
				GCC_WARN_64_TO_32_BIT_CONVERSION = YES;
				GCC_WARN_ABOUT_RETURN_TYPE = YES_ERROR;
				GCC_WARN_UNDECLARED_SELECTOR = YES;
				GCC_WARN_UNINITIALIZED_AUTOS = YES_AGGRESSIVE;
				GCC_WARN_UNUSED_FUNCTION = YES;
				GCC_WARN_UNUSED_VARIABLE = YES;
				MACOSX_DEPLOYMENT_TARGET = 10.11;
				MTL_ENABLE_DEBUG_INFO = YES;
				ONLY_ACTIVE_ARCH = YES;
				SDKROOT = macosx;
				SWIFT_OPTIMIZATION_LEVEL = "-Onone";
			};
			name = Debug;
		};
		B53815A81BFAED2D00CB13AE /* Release */ = {
			isa = XCBuildConfiguration;
			buildSettings = {
				ALWAYS_SEARCH_USER_PATHS = NO;
				CLANG_CXX_LANGUAGE_STANDARD = "gnu++0x";
				CLANG_CXX_LIBRARY = "libc++";
				CLANG_ENABLE_MODULES = YES;
				CLANG_ENABLE_OBJC_ARC = YES;
				CLANG_WARN_BOOL_CONVERSION = YES;
				CLANG_WARN_CONSTANT_CONVERSION = YES;
				CLANG_WARN_DIRECT_OBJC_ISA_USAGE = YES_ERROR;
				CLANG_WARN_EMPTY_BODY = YES;
				CLANG_WARN_ENUM_CONVERSION = YES;
				CLANG_WARN_INT_CONVERSION = YES;
				CLANG_WARN_OBJC_ROOT_CLASS = YES_ERROR;
				CLANG_WARN_UNREACHABLE_CODE = YES;
				CLANG_WARN__DUPLICATE_METHOD_MATCH = YES;
				CODE_SIGN_IDENTITY = "-";
				COPY_PHASE_STRIP = NO;
				DEBUG_INFORMATION_FORMAT = "dwarf-with-dsym";
				ENABLE_NS_ASSERTIONS = NO;
				ENABLE_STRICT_OBJC_MSGSEND = YES;
				GCC_C_LANGUAGE_STANDARD = gnu99;
				GCC_NO_COMMON_BLOCKS = YES;
				GCC_WARN_64_TO_32_BIT_CONVERSION = YES;
				GCC_WARN_ABOUT_RETURN_TYPE = YES_ERROR;
				GCC_WARN_UNDECLARED_SELECTOR = YES;
				GCC_WARN_UNINITIALIZED_AUTOS = YES_AGGRESSIVE;
				GCC_WARN_UNUSED_FUNCTION = YES;
				GCC_WARN_UNUSED_VARIABLE = YES;
				MACOSX_DEPLOYMENT_TARGET = 10.11;
				MTL_ENABLE_DEBUG_INFO = NO;
				SDKROOT = macosx;
			};
			name = Release;
		};
		B53815AA1BFAED2D00CB13AE /* Debug */ = {
			isa = XCBuildConfiguration;
			baseConfigurationReference = C30C54F62195A2FEF3BF7287 /* Pods-GeekDesk.debug.xcconfig */;
			buildSettings = {
				ASSETCATALOG_COMPILER_APPICON_NAME = AppIcon;
				CODE_SIGN_ENTITLEMENTS = GeekDesk/GeekDesk.entitlements;
				CODE_SIGN_IDENTITY = "-";
				COMBINE_HIDPI_IMAGES = YES;
				INFOPLIST_FILE = GeekDesk/Info.plist;
				LD_RUNPATH_SEARCH_PATHS = "$(inherited) @executable_path/../Frameworks";
				PRODUCT_BUNDLE_IDENTIFIER = com.hitlabs.GeekDesk;
				PRODUCT_NAME = "$(TARGET_NAME)";
				SWIFT_OBJC_BRIDGING_HEADER = "GeekDesk/GeekDesk-Bridging-Header.h";
				SWIFT_VERSION = 3.0;
			};
			name = Debug;
		};
		B53815AB1BFAED2D00CB13AE /* Release */ = {
			isa = XCBuildConfiguration;
			baseConfigurationReference = 844723D5B65C273208473ACA /* Pods-GeekDesk.release.xcconfig */;
			buildSettings = {
				ASSETCATALOG_COMPILER_APPICON_NAME = AppIcon;
				CODE_SIGN_ENTITLEMENTS = GeekDesk/GeekDesk.entitlements;
				CODE_SIGN_IDENTITY = "-";
				COMBINE_HIDPI_IMAGES = YES;
				INFOPLIST_FILE = GeekDesk/Info.plist;
				LD_RUNPATH_SEARCH_PATHS = "$(inherited) @executable_path/../Frameworks";
				PRODUCT_BUNDLE_IDENTIFIER = com.hitlabs.GeekDesk;
				PRODUCT_NAME = "$(TARGET_NAME)";
				SWIFT_OBJC_BRIDGING_HEADER = "GeekDesk/GeekDesk-Bridging-Header.h";
				SWIFT_VERSION = 3.0;
			};
			name = Release;
		};
/* End XCBuildConfiguration section */

/* Begin XCConfigurationList section */
		B5127D441BFDA1E80072FB39 /* Build configuration list for PBXNativeTarget "GeekDesk Helper" */ = {
			isa = XCConfigurationList;
			buildConfigurations = (
				B5127D451BFDA1E80072FB39 /* Debug */,
				B5127D461BFDA1E80072FB39 /* Release */,
			);
			defaultConfigurationIsVisible = 0;
			defaultConfigurationName = Release;
		};
		B53815971BFAED2D00CB13AE /* Build configuration list for PBXProject "GeekDesk" */ = {
			isa = XCConfigurationList;
			buildConfigurations = (
				B53815A71BFAED2D00CB13AE /* Debug */,
				B53815A81BFAED2D00CB13AE /* Release */,
			);
			defaultConfigurationIsVisible = 0;
			defaultConfigurationName = Release;
		};
		B53815A91BFAED2D00CB13AE /* Build configuration list for PBXNativeTarget "GeekDesk" */ = {
			isa = XCConfigurationList;
			buildConfigurations = (
				B53815AA1BFAED2D00CB13AE /* Debug */,
				B53815AB1BFAED2D00CB13AE /* Release */,
			);
			defaultConfigurationIsVisible = 0;
			defaultConfigurationName = Release;
		};
/* End XCConfigurationList section */
	};
	rootObject = B53815941BFAED2D00CB13AE /* Project object */;
}
